
Microsoft Visual Studio Solution File, Format Version 12.00
# Visual Studio Version 17
VisualStudioVersion = 17.6.34601.182
MinimumVisualStudioVersion = 10.0.40219.1
Project("{FAE04EC0-301F-11D3-BF4B-00C04F79EFBC}") = "Employee1", "Employee1.csproj", "{FCCE64D3-16E1-4E56-B587-31EAD71D6C38}"
EndProject
Global
	GlobalSection(SolutionConfigurationPlatforms) = preSolution
		Debug|Any CPU = Debug|Any CPU
		Release|Any CPU = Release|Any CPU
	EndGlobalSection
	GlobalSection(ProjectConfigurationPlatforms) = postSolution
		{FCCE64D3-16E1-4E56-B587-31EAD71D6C38}.Debug|Any CPU.ActiveCfg = Debug|Any CPU
		{FCCE64D3-16E1-4E56-B587-31EAD71D6C38}.Debug|Any CPU.Build.0 = Debug|Any CPU
		{FCCE64D3-16E1-4E56-B587-31EAD71D6C38}.Release|Any CPU.ActiveCfg = Release|Any CPU
		{FCCE64D3-16E1-4E56-B587-31EAD71D6C38}.Release|Any CPU.Build.0 = Release|Any CPU
	EndGlobalSection
	GlobalSection(SolutionProperties) = preSolution
		HideSolutionNode = FALSE
	EndGlobalSection
	GlobalSection(ExtensibilityGlobals) = postSolution
		SolutionGuid = {B223A0E4-F258-40D8-B45A-7F86334714B0}
	EndGlobalSection
EndGlobal
